{
  "name": "react-native-in-app-update",
  "version": "1.0.0",
  "lockfileVersion": 1,
  "requires": true,
  "dependencies": {
    "@react-native-community/netinfo": {
      "version": "5.9.0",
      "resolved": "https://registry.npmjs.org/@react-native-community/netinfo/-/netinfo-5.9.0.tgz",
      "integrity": "sha512-rzchLeRkJRXw7ILO4OAMqVP33hEJ754FN2qf85+V1th9ozelXezh4DX90lmxk0PgJpZMwHXUNqS2ltsrzmahXg=="
    },
    "react-native-device-info": {
      "version": "5.5.8",
      "resolved": "https://registry.npmjs.org/react-native-device-info/-/react-native-device-info-5.5.8.tgz",
      "integrity": "sha512-Y4EkBXUfdpDMP+utVaQcgWnNXoqf7B6rLCS0hwpaifzhrzC7cb51vhaPBN1p4Kqym3AfqZ6VoMjorvFJLRAjqg=="
    }
  }
}
